
Microsoft Visual Studio Solution File, Format Version 12.00
# Visual Studio 15
VisualStudioVersion = 15.0.26430.14
MinimumVisualStudioVersion = 10.0.40219.1
Project("{FAE04EC0-301F-11D3-BF4B-00C04F79EFBC}") = "verbose-test", "verbose-test\verbose-test.csproj", "{F7A6ACBD-8CC5-4DF8-A3CD-1CB5FF0F4BEC}"
EndProject
Project("{FAE04EC0-301F-11D3-BF4B-00C04F79EFBC}") = "Unittest", "Unittest\Unittest.csproj", "{061315B3-EB94-4AF9-8546-F56734A3970A}"
EndProject
Global
	GlobalSection(SolutionConfigurationPlatforms) = preSolution
		Debug|Any CPU = Debug|Any CPU
		Release|Any CPU = Release|Any CPU
	EndGlobalSection
	GlobalSection(ProjectConfigurationPlatforms) = postSolution
		{F7A6ACBD-8CC5-4DF8-A3CD-1CB5FF0F4BEC}.Debug|Any CPU.ActiveCfg = Debug|Any CPU
		{F7A6ACBD-8CC5-4DF8-A3CD-1CB5FF0F4BEC}.Debug|Any CPU.Build.0 = Debug|Any CPU
		{F7A6ACBD-8CC5-4DF8-A3CD-1CB5FF0F4BEC}.Release|Any CPU.ActiveCfg = Release|Any CPU
		{F7A6ACBD-8CC5-4DF8-A3CD-1CB5FF0F4BEC}.Release|Any CPU.Build.0 = Release|Any CPU
		{061315B3-EB94-4AF9-8546-F56734A3970A}.Debug|Any CPU.ActiveCfg = Debug|Any CPU
		{061315B3-EB94-4AF9-8546-F56734A3970A}.Debug|Any CPU.Build.0 = Debug|Any CPU
		{061315B3-EB94-4AF9-8546-F56734A3970A}.Release|Any CPU.ActiveCfg = Release|Any CPU
		{061315B3-EB94-4AF9-8546-F56734A3970A}.Release|Any CPU.Build.0 = Release|Any CPU
	EndGlobalSection
	GlobalSection(SolutionProperties) = preSolution
		HideSolutionNode = FALSE
	EndGlobalSection
EndGlobal
